// !$*UTF8*$!
{
	archiveVersion = 1;
	classes = {
	};
	objectVersion = 50;
	objects = {

/* Begin PBXBuildFile section */
		0FCF0DAC5B0BA9FAE5EDFA3E /* Pods_VNN.framework in Frameworks */ = {isa = PBXBuildFile; fileRef = BF881B1890A2CD1286C6E73E /* Pods_VNN.framework */; };
		69291F5EDDA1966A73D0F2EB /* Pods_VNNUITests.framework in Frameworks */ = {isa = PBXBuildFile; fileRef = 72B96C11B0F2C79903543B03 /* Pods_VNNUITests.framework */; };
		DC90DB8284BC1C72677FD25B /* Pods_VNNTests.framework in Frameworks */ = {isa = PBXBuildFile; fileRef = 569D96C4D0888B04AF4FF308 /* Pods_VNNTests.framework */; };
		FC2CED58215942B900E332A8 /* QL_Group_Cell.xib in Resources */ = {isa = PBXBuildFile; fileRef = FC2CED57215942B900E332A8 /* QL_Group_Cell.xib */; };
		FC2CED5A2159430400E332A8 /* QL_Image_Cell.xib in Resources */ = {isa = PBXBuildFile; fileRef = FC2CED592159430400E332A8 /* QL_Image_Cell.xib */; };
		FC2CED5C215948AF00E332A8 /* format.plist in Resources */ = {isa = PBXBuildFile; fileRef = FC2CED5B215948AF00E332A8 /* format.plist */; };
		FC2CED5E215948BB00E332A8 /* TG_Drop_Cell.xib in Resources */ = {isa = PBXBuildFile; fileRef = FC2CED5D215948BB00E332A8 /* TG_Drop_Cell.xib */; };
		FC2CED62215957A600E332A8 /* VN_Report_ViewController.swift in Sources */ = {isa = PBXBuildFile; fileRef = FC2CED60215957A600E332A8 /* VN_Report_ViewController.swift */; };
		FC2CED63215957A600E332A8 /* VN_Report_ViewController.xib in Resources */ = {isa = PBXBuildFile; fileRef = FC2CED61215957A600E332A8 /* VN_Report_ViewController.xib */; };
		FC2E6F96215410660024DAAA /* AppDelegate.swift in Sources */ = {isa = PBXBuildFile; fileRef = FC2E6F95215410660024DAAA /* AppDelegate.swift */; };
		FC2E6F98215410660024DAAA /* ViewController.swift in Sources */ = {isa = PBXBuildFile; fileRef = FC2E6F97215410660024DAAA /* ViewController.swift */; };
		FC2E6F9B215410660024DAAA /* Main.storyboard in Resources */ = {isa = PBXBuildFile; fileRef = FC2E6F99215410660024DAAA /* Main.storyboard */; };
		FC2E6F9D2154106B0024DAAA /* Assets.xcassets in Resources */ = {isa = PBXBuildFile; fileRef = FC2E6F9C2154106B0024DAAA /* Assets.xcassets */; };
		FC2E6FA02154106B0024DAAA /* LaunchScreen.storyboard in Resources */ = {isa = PBXBuildFile; fileRef = FC2E6F9E2154106B0024DAAA /* LaunchScreen.storyboard */; };
		FC2E6FAB2154106B0024DAAA /* VNNTests.swift in Sources */ = {isa = PBXBuildFile; fileRef = FC2E6FAA2154106B0024DAAA /* VNNTests.swift */; };
		FC2E6FB62154106B0024DAAA /* VNNUITests.swift in Sources */ = {isa = PBXBuildFile; fileRef = FC2E6FB52154106B0024DAAA /* VNNUITests.swift */; };
		FC4393F221555FC700A5848E /* QL_LogIn_ViewController.xib in Resources */ = {isa = PBXBuildFile; fileRef = FC4393F021555FC700A5848E /* QL_LogIn_ViewController.xib */; };
		FC4393F321555FC700A5848E /* QL_LogIn_ViewController.swift in Sources */ = {isa = PBXBuildFile; fileRef = FC4393F121555FC700A5848E /* QL_LogIn_ViewController.swift */; };
		FC4393F5215560C900A5848E /* Macro.swift in Sources */ = {isa = PBXBuildFile; fileRef = FC4393F4215560C900A5848E /* Macro.swift */; };
		FC4393F9215560DC00A5848E /* UIViewController+ViewCat.m in Sources */ = {isa = PBXBuildFile; fileRef = FC4393F8215560DC00A5848E /* UIViewController+ViewCat.m */; };
		FC4393FB2155612700A5848E /* Information.swift in Sources */ = {isa = PBXBuildFile; fileRef = FC4393FA2155612600A5848E /* Information.swift */; };
		FC4393FF2155616C00A5848E /* VN_Home_ViewController.swift in Sources */ = {isa = PBXBuildFile; fileRef = FC4393FD2155616C00A5848E /* VN_Home_ViewController.swift */; };
		FC4394002155616C00A5848E /* VN_Home_ViewController.xib in Resources */ = {isa = PBXBuildFile; fileRef = FC4393FE2155616C00A5848E /* VN_Home_ViewController.xib */; };
		FC439403215562C000A5848E /* TL_ChangeHost_ViewController.xib in Resources */ = {isa = PBXBuildFile; fileRef = FC439401215562BE00A5848E /* TL_ChangeHost_ViewController.xib */; };
		FC439404215562C000A5848E /* TL_ChangeHost_ViewController.swift in Sources */ = {isa = PBXBuildFile; fileRef = FC439402215562BF00A5848E /* TL_ChangeHost_ViewController.swift */; };
		FC4394062155657F00A5848E /* TG_Image_Cell.xib in Resources */ = {isa = PBXBuildFile; fileRef = FC4394052155657F00A5848E /* TG_Image_Cell.xib */; };
		FC43940A2155687300A5848E /* VN_Picture_ViewController.swift in Sources */ = {isa = PBXBuildFile; fileRef = FC4394082155687300A5848E /* VN_Picture_ViewController.swift */; };
		FC43940B2155687300A5848E /* VN_Picture_ViewController.xib in Resources */ = {isa = PBXBuildFile; fileRef = FC4394092155687300A5848E /* VN_Picture_ViewController.xib */; };
		FC43940E21556B0A00A5848E /* QL_Drop_Cell.xib in Resources */ = {isa = PBXBuildFile; fileRef = FC43940C21556B0900A5848E /* QL_Drop_Cell.xib */; };
		FC43940F21556B0A00A5848E /* QL_Input_Cell.xib in Resources */ = {isa = PBXBuildFile; fileRef = FC43940D21556B0A00A5848E /* QL_Input_Cell.xib */; };
		FCAE59B9215A92280032D37D /* QL_Box_Cell.xib in Resources */ = {isa = PBXBuildFile; fileRef = FCAE59B8215A92280032D37D /* QL_Box_Cell.xib */; };
		FCAE59BB215A95000032D37D /* QL_Code_Cell.xib in Resources */ = {isa = PBXBuildFile; fileRef = FCAE59BA215A95000032D37D /* QL_Code_Cell.xib */; };
		FCAE59BF215A9EC80032D37D /* TG_PopUp_View.swift in Sources */ = {isa = PBXBuildFile; fileRef = FCAE59BD215A9EC70032D37D /* TG_PopUp_View.swift */; };
		FCAE59C0215A9EC80032D37D /* TG_Menu_View.xib in Resources */ = {isa = PBXBuildFile; fileRef = FCAE59BE215A9EC70032D37D /* TG_Menu_View.xib */; };
		FCAE59C4215AB1490032D37D /* TG_Room_Cell_N.xib in Resources */ = {isa = PBXBuildFile; fileRef = FCAE59C1215AB1490032D37D /* TG_Room_Cell_N.xib */; };
		FCAE59C6215AB1490032D37D /* TG_Room_Cell_N.swift in Sources */ = {isa = PBXBuildFile; fileRef = FCAE59C3215AB1490032D37D /* TG_Room_Cell_N.swift */; };
		FCAE59C8215AB8B10032D37D /* TG_Room_Cell.xib in Resources */ = {isa = PBXBuildFile; fileRef = FCAE59C7215AB8B10032D37D /* TG_Room_Cell.xib */; };
/* End PBXBuildFile section */

/* Begin PBXContainerItemProxy section */
		FC2E6FA72154106B0024DAAA /* PBXContainerItemProxy */ = {
			isa = PBXContainerItemProxy;
			containerPortal = FC2E6F8A215410660024DAAA /* Project object */;
			proxyType = 1;
			remoteGlobalIDString = FC2E6F91215410660024DAAA;
			remoteInfo = VNN;
		};
		FC2E6FB22154106B0024DAAA /* PBXContainerItemProxy */ = {
			isa = PBXContainerItemProxy;
			containerPortal = FC2E6F8A215410660024DAAA /* Project object */;
			proxyType = 1;
			remoteGlobalIDString = FC2E6F91215410660024DAAA;
			remoteInfo = VNN;
		};
/* End PBXContainerItemProxy section */

/* Begin PBXFileReference section */
		569D96C4D0888B04AF4FF308 /* Pods_VNNTests.framework */ = {isa = PBXFileReference; explicitFileType = wrapper.framework; includeInIndex = 0; path = Pods_VNNTests.framework; sourceTree = BUILT_PRODUCTS_DIR; };
		6F0681F58AB4FCC304E1D677 /* Pods-VNN.release.xcconfig */ = {isa = PBXFileReference; includeInIndex = 1; lastKnownFileType = text.xcconfig; name = "Pods-VNN.release.xcconfig"; path = "Pods/Target Support Files/Pods-VNN/Pods-VNN.release.xcconfig"; sourceTree = "<group>"; };
		72B96C11B0F2C79903543B03 /* Pods_VNNUITests.framework */ = {isa = PBXFileReference; explicitFileType = wrapper.framework; includeInIndex = 0; path = Pods_VNNUITests.framework; sourceTree = BUILT_PRODUCTS_DIR; };
		7BED9BAED936EB501B48988B /* Pods-VNNTests.release.xcconfig */ = {isa = PBXFileReference; includeInIndex = 1; lastKnownFileType = text.xcconfig; name = "Pods-VNNTests.release.xcconfig"; path = "Pods/Target Support Files/Pods-VNNTests/Pods-VNNTests.release.xcconfig"; sourceTree = "<group>"; };
		A116FBE288FE1FF63A574E89 /* Pods-VNNUITests.debug.xcconfig */ = {isa = PBXFileReference; includeInIndex = 1; lastKnownFileType = text.xcconfig; name = "Pods-VNNUITests.debug.xcconfig"; path = "Pods/Target Support Files/Pods-VNNUITests/Pods-VNNUITests.debug.xcconfig"; sourceTree = "<group>"; };
		A6DC3C983B7EC1722603E897 /* Pods-VNN.debug.xcconfig */ = {isa = PBXFileReference; includeInIndex = 1; lastKnownFileType = text.xcconfig; name = "Pods-VNN.debug.xcconfig"; path = "Pods/Target Support Files/Pods-VNN/Pods-VNN.debug.xcconfig"; sourceTree = "<group>"; };
		BF881B1890A2CD1286C6E73E /* Pods_VNN.framework */ = {isa = PBXFileReference; explicitFileType = wrapper.framework; includeInIndex = 0; path = Pods_VNN.framework; sourceTree = BUILT_PRODUCTS_DIR; };
		DAAA01D4F009565FF5BC8EFF /* Pods-VNNUITests.release.xcconfig */ = {isa = PBXFileReference; includeInIndex = 1; lastKnownFileType = text.xcconfig; name = "Pods-VNNUITests.release.xcconfig"; path = "Pods/Target Support Files/Pods-VNNUITests/Pods-VNNUITests.release.xcconfig"; sourceTree = "<group>"; };
		DCD73AB288B7AB25ABC1A58A /* Pods-VNNTests.debug.xcconfig */ = {isa = PBXFileReference; includeInIndex = 1; lastKnownFileType = text.xcconfig; name = "Pods-VNNTests.debug.xcconfig"; path = "Pods/Target Support Files/Pods-VNNTests/Pods-VNNTests.debug.xcconfig"; sourceTree = "<group>"; };
		FC2CED57215942B900E332A8 /* QL_Group_Cell.xib */ = {isa = PBXFileReference; lastKnownFileType = file.xib; path = QL_Group_Cell.xib; sourceTree = "<group>"; };
		FC2CED592159430400E332A8 /* QL_Image_Cell.xib */ = {isa = PBXFileReference; fileEncoding = 4; lastKnownFileType = file.xib; path = QL_Image_Cell.xib; sourceTree = "<group>"; };
		FC2CED5B215948AF00E332A8 /* format.plist */ = {isa = PBXFileReference; fileEncoding = 4; lastKnownFileType = text.plist.xml; path = format.plist; sourceTree = "<group>"; };
		FC2CED5D215948BB00E332A8 /* TG_Drop_Cell.xib */ = {isa = PBXFileReference; fileEncoding = 4; lastKnownFileType = file.xib; path = TG_Drop_Cell.xib; sourceTree = "<group>"; };
		FC2CED60215957A600E332A8 /* VN_Report_ViewController.swift */ = {isa = PBXFileReference; lastKnownFileType = sourcecode.swift; path = VN_Report_ViewController.swift; sourceTree = "<group>"; };
		FC2CED61215957A600E332A8 /* VN_Report_ViewController.xib */ = {isa = PBXFileReference; lastKnownFileType = file.xib; path = VN_Report_ViewController.xib; sourceTree = "<group>"; };
		FC2E6F92215410660024DAAA /* VNN.app */ = {isa = PBXFileReference; explicitFileType = wrapper.application; includeInIndex = 0; path = VNN.app; sourceTree = BUILT_PRODUCTS_DIR; };
		FC2E6F95215410660024DAAA /* AppDelegate.swift */ = {isa = PBXFileReference; lastKnownFileType = sourcecode.swift; path = AppDelegate.swift; sourceTree = "<group>"; };
		FC2E6F97215410660024DAAA /* ViewController.swift */ = {isa = PBXFileReference; lastKnownFileType = sourcecode.swift; path = ViewController.swift; sourceTree = "<group>"; };
		FC2E6F9A215410660024DAAA /* Base */ = {isa = PBXFileReference; lastKnownFileType = file.storyboard; name = Base; path = Base.lproj/Main.storyboard; sourceTree = "<group>"; };
		FC2E6F9C2154106B0024DAAA /* Assets.xcassets */ = {isa = PBXFileReference; lastKnownFileType = folder.assetcatalog; path = Assets.xcassets; sourceTree = "<group>"; };
		FC2E6F9F2154106B0024DAAA /* Base */ = {isa = PBXFileReference; lastKnownFileType = file.storyboard; name = Base; path = Base.lproj/LaunchScreen.storyboard; sourceTree = "<group>"; };
		FC2E6FA12154106B0024DAAA /* Info.plist */ = {isa = PBXFileReference; lastKnownFileType = text.plist.xml; path = Info.plist; sourceTree = "<group>"; };
		FC2E6FA62154106B0024DAAA /* VNNTests.xctest */ = {isa = PBXFileReference; explicitFileType = wrapper.cfbundle; includeInIndex = 0; path = VNNTests.xctest; sourceTree = BUILT_PRODUCTS_DIR; };
		FC2E6FAA2154106B0024DAAA /* VNNTests.swift */ = {isa = PBXFileReference; lastKnownFileType = sourcecode.swift; path = VNNTests.swift; sourceTree = "<group>"; };
		FC2E6FAC2154106B0024DAAA /* Info.plist */ = {isa = PBXFileReference; lastKnownFileType = text.plist.xml; path = Info.plist; sourceTree = "<group>"; };
		FC2E6FB12154106B0024DAAA /* VNNUITests.xctest */ = {isa = PBXFileReference; explicitFileType = wrapper.cfbundle; includeInIndex = 0; path = VNNUITests.xctest; sourceTree = BUILT_PRODUCTS_DIR; };
		FC2E6FB52154106B0024DAAA /* VNNUITests.swift */ = {isa = PBXFileReference; lastKnownFileType = sourcecode.swift; path = VNNUITests.swift; sourceTree = "<group>"; };
		FC2E6FB72154106B0024DAAA /* Info.plist */ = {isa = PBXFileReference; lastKnownFileType = text.plist.xml; path = Info.plist; sourceTree = "<group>"; };
		FC4393F021555FC700A5848E /* QL_LogIn_ViewController.xib */ = {isa = PBXFileReference; fileEncoding = 4; lastKnownFileType = file.xib; path = QL_LogIn_ViewController.xib; sourceTree = "<group>"; };
		FC4393F121555FC700A5848E /* QL_LogIn_ViewController.swift */ = {isa = PBXFileReference; fileEncoding = 4; lastKnownFileType = sourcecode.swift; path = QL_LogIn_ViewController.swift; sourceTree = "<group>"; };
		FC4393F4215560C900A5848E /* Macro.swift */ = {isa = PBXFileReference; fileEncoding = 4; lastKnownFileType = sourcecode.swift; path = Macro.swift; sourceTree = "<group>"; };
		FC4393F6215560DA00A5848E /* VNN-Bridging-Header.h */ = {isa = PBXFileReference; lastKnownFileType = sourcecode.c.h; path = "VNN-Bridging-Header.h"; sourceTree = "<group>"; };
		FC4393F7215560DC00A5848E /* UIViewController+ViewCat.h */ = {isa = PBXFileReference; fileEncoding = 4; lastKnownFileType = sourcecode.c.h; path = "UIViewController+ViewCat.h"; sourceTree = "<group>"; };
		FC4393F8215560DC00A5848E /* UIViewController+ViewCat.m */ = {isa = PBXFileReference; fileEncoding = 4; lastKnownFileType = sourcecode.c.objc; path = "UIViewController+ViewCat.m"; sourceTree = "<group>"; };
		FC4393FA2155612600A5848E /* Information.swift */ = {isa = PBXFileReference; fileEncoding = 4; lastKnownFileType = sourcecode.swift; path = Information.swift; sourceTree = "<group>"; };
		FC4393FD2155616C00A5848E /* VN_Home_ViewController.swift */ = {isa = PBXFileReference; lastKnownFileType = sourcecode.swift; path = VN_Home_ViewController.swift; sourceTree = "<group>"; };
		FC4393FE2155616C00A5848E /* VN_Home_ViewController.xib */ = {isa = PBXFileReference; lastKnownFileType = file.xib; path = VN_Home_ViewController.xib; sourceTree = "<group>"; };
		FC439401215562BE00A5848E /* TL_ChangeHost_ViewController.xib */ = {isa = PBXFileReference; fileEncoding = 4; lastKnownFileType = file.xib; path = TL_ChangeHost_ViewController.xib; sourceTree = "<group>"; };
		FC439402215562BF00A5848E /* TL_ChangeHost_ViewController.swift */ = {isa = PBXFileReference; fileEncoding = 4; lastKnownFileType = sourcecode.swift; path = TL_ChangeHost_ViewController.swift; sourceTree = "<group>"; };
		FC4394052155657F00A5848E /* TG_Image_Cell.xib */ = {isa = PBXFileReference; fileEncoding = 4; lastKnownFileType = file.xib; path = TG_Image_Cell.xib; sourceTree = "<group>"; };
		FC4394082155687300A5848E /* VN_Picture_ViewController.swift */ = {isa = PBXFileReference; lastKnownFileType = sourcecode.swift; path = VN_Picture_ViewController.swift; sourceTree = "<group>"; };
		FC4394092155687300A5848E /* VN_Picture_ViewController.xib */ = {isa = PBXFileReference; lastKnownFileType = file.xib; path = VN_Picture_ViewController.xib; sourceTree = "<group>"; };
		FC43940C21556B0900A5848E /* QL_Drop_Cell.xib */ = {isa = PBXFileReference; fileEncoding = 4; lastKnownFileType = file.xib; path = QL_Drop_Cell.xib; sourceTree = "<group>"; };
		FC43940D21556B0A00A5848E /* QL_Input_Cell.xib */ = {isa = PBXFileReference; fileEncoding = 4; lastKnownFileType = file.xib; path = QL_Input_Cell.xib; sourceTree = "<group>"; };
		FCAE59B8215A92280032D37D /* QL_Box_Cell.xib */ = {isa = PBXFileReference; lastKnownFileType = file.xib; path = QL_Box_Cell.xib; sourceTree = "<group>"; };
		FCAE59BA215A95000032D37D /* QL_Code_Cell.xib */ = {isa = PBXFileReference; lastKnownFileType = file.xib; path = QL_Code_Cell.xib; sourceTree = "<group>"; };
		FCAE59BD215A9EC70032D37D /* TG_PopUp_View.swift */ = {isa = PBXFileReference; fileEncoding = 4; lastKnownFileType = sourcecode.swift; path = TG_PopUp_View.swift; sourceTree = "<group>"; };
		FCAE59BE215A9EC70032D37D /* TG_Menu_View.xib */ = {isa = PBXFileReference; fileEncoding = 4; lastKnownFileType = file.xib; path = TG_Menu_View.xib; sourceTree = "<group>"; };
		FCAE59C1215AB1490032D37D /* TG_Room_Cell_N.xib */ = {isa = PBXFileReference; fileEncoding = 4; lastKnownFileType = file.xib; path = TG_Room_Cell_N.xib; sourceTree = "<group>"; };
		FCAE59C3215AB1490032D37D /* TG_Room_Cell_N.swift */ = {isa = PBXFileReference; fileEncoding = 4; lastKnownFileType = sourcecode.swift; path = TG_Room_Cell_N.swift; sourceTree = "<group>"; };
		FCAE59C7215AB8B10032D37D /* TG_Room_Cell.xib */ = {isa = PBXFileReference; lastKnownFileType = file.xib; path = TG_Room_Cell.xib; sourceTree = "<group>"; };
/* End PBXFileReference section */

/* Begin PBXFrameworksBuildPhase section */
		FC2E6F8F215410660024DAAA /* Frameworks */ = {
			isa = PBXFrameworksBuildPhase;
			buildActionMask = 2147483647;
			files = (
				0FCF0DAC5B0BA9FAE5EDFA3E /* Pods_VNN.framework in Frameworks */,
			);
			runOnlyForDeploymentPostprocessing = 0;
		};
		FC2E6FA32154106B0024DAAA /* Frameworks */ = {
			isa = PBXFrameworksBuildPhase;
			buildActionMask = 2147483647;
			files = (
				DC90DB8284BC1C72677FD25B /* Pods_VNNTests.framework in Frameworks */,
			);
			runOnlyForDeploymentPostprocessing = 0;
		};
		FC2E6FAE2154106B0024DAAA /* Frameworks */ = {
			isa = PBXFrameworksBuildPhase;
			buildActionMask = 2147483647;
			files = (
				69291F5EDDA1966A73D0F2EB /* Pods_VNNUITests.framework in Frameworks */,
			);
			runOnlyForDeploymentPostprocessing = 0;
		};
/* End PBXFrameworksBuildPhase section */

/* Begin PBXGroup section */
		8BA58B2F656188E1EB8C7D67 /* Pods */ = {
			isa = PBXGroup;
			children = (
				A6DC3C983B7EC1722603E897 /* Pods-VNN.debug.xcconfig */,
				6F0681F58AB4FCC304E1D677 /* Pods-VNN.release.xcconfig */,
				DCD73AB288B7AB25ABC1A58A /* Pods-VNNTests.debug.xcconfig */,
				7BED9BAED936EB501B48988B /* Pods-VNNTests.release.xcconfig */,
				A116FBE288FE1FF63A574E89 /* Pods-VNNUITests.debug.xcconfig */,
				DAAA01D4F009565FF5BC8EFF /* Pods-VNNUITests.release.xcconfig */,
			);
			name = Pods;
			sourceTree = "<group>";
		};
		E425D3C5D09A764400293319 /* Frameworks */ = {
			isa = PBXGroup;
			children = (
				BF881B1890A2CD1286C6E73E /* Pods_VNN.framework */,
				569D96C4D0888B04AF4FF308 /* Pods_VNNTests.framework */,
				72B96C11B0F2C79903543B03 /* Pods_VNNUITests.framework */,
			);
			name = Frameworks;
			sourceTree = "<group>";
		};
		FC2CED5F2159578A00E332A8 /* REPORT */ = {
			isa = PBXGroup;
			children = (
				FC2CED60215957A600E332A8 /* VN_Report_ViewController.swift */,
				FC2CED61215957A600E332A8 /* VN_Report_ViewController.xib */,
			);
			path = REPORT;
			sourceTree = "<group>";
		};
		FC2E6F89215410660024DAAA = {
			isa = PBXGroup;
			children = (
				FC2E6F94215410660024DAAA /* VNN */,
				FC2E6FA92154106B0024DAAA /* VNNTests */,
				FC2E6FB42154106B0024DAAA /* VNNUITests */,
				FC2E6F93215410660024DAAA /* Products */,
				8BA58B2F656188E1EB8C7D67 /* Pods */,
				E425D3C5D09A764400293319 /* Frameworks */,
			);
			sourceTree = "<group>";
		};
		FC2E6F93215410660024DAAA /* Products */ = {
			isa = PBXGroup;
			children = (
				FC2E6F92215410660024DAAA /* VNN.app */,
				FC2E6FA62154106B0024DAAA /* VNNTests.xctest */,
				FC2E6FB12154106B0024DAAA /* VNNUITests.xctest */,
			);
			name = Products;
			sourceTree = "<group>";
		};
		FC2E6F94215410660024DAAA /* VNN */ = {
			isa = PBXGroup;
			children = (
				FCAE59BC215A9E740032D37D /* COMP */,
				FC2CED5F2159578A00E332A8 /* REPORT */,
				FC4394072155684D00A5848E /* DETAIL */,
				FC4393FC2155615400A5848E /* MAIN */,
				FC4393EF21555F8700A5848E /* INIT */,
				FC2E6F95215410660024DAAA /* AppDelegate.swift */,
				FC2E6F97215410660024DAAA /* ViewController.swift */,
				FC2E6F99215410660024DAAA /* Main.storyboard */,
				FC2E6F9C2154106B0024DAAA /* Assets.xcassets */,
				FC2E6F9E2154106B0024DAAA /* LaunchScreen.storyboard */,
				FC2E6FA12154106B0024DAAA /* Info.plist */,
				FC4393F4215560C900A5848E /* Macro.swift */,
				FC4393F7215560DC00A5848E /* UIViewController+ViewCat.h */,
				FC4393F8215560DC00A5848E /* UIViewController+ViewCat.m */,
				FC4393F6215560DA00A5848E /* VNN-Bridging-Header.h */,
				FC4393FA2155612600A5848E /* Information.swift */,
			);
			path = VNN;
			sourceTree = "<group>";
		};
		FC2E6FA92154106B0024DAAA /* VNNTests */ = {
			isa = PBXGroup;
			children = (
				FC2E6FAA2154106B0024DAAA /* VNNTests.swift */,
				FC2E6FAC2154106B0024DAAA /* Info.plist */,
			);
			path = VNNTests;
			sourceTree = "<group>";
		};
		FC2E6FB42154106B0024DAAA /* VNNUITests */ = {
			isa = PBXGroup;
			children = (
				FC2E6FB52154106B0024DAAA /* VNNUITests.swift */,
				FC2E6FB72154106B0024DAAA /* Info.plist */,
			);
			path = VNNUITests;
			sourceTree = "<group>";
		};
		FC4393EF21555F8700A5848E /* INIT */ = {
			isa = PBXGroup;
			children = (
				FC4393F121555FC700A5848E /* QL_LogIn_ViewController.swift */,
				FC4393F021555FC700A5848E /* QL_LogIn_ViewController.xib */,
				FC439402215562BF00A5848E /* TL_ChangeHost_ViewController.swift */,
				FC439401215562BE00A5848E /* TL_ChangeHost_ViewController.xib */,
			);
			path = INIT;
			sourceTree = "<group>";
		};
		FC4393FC2155615400A5848E /* MAIN */ = {
			isa = PBXGroup;
			children = (
				FC4393FD2155616C00A5848E /* VN_Home_ViewController.swift */,
				FC4393FE2155616C00A5848E /* VN_Home_ViewController.xib */,
				FC4394052155657F00A5848E /* TG_Image_Cell.xib */,
			);
			path = MAIN;
			sourceTree = "<group>";
		};
		FC4394072155684D00A5848E /* DETAIL */ = {
			isa = PBXGroup;
			children = (
				FC4394082155687300A5848E /* VN_Picture_ViewController.swift */,
				FC4394092155687300A5848E /* VN_Picture_ViewController.xib */,
				FCAE59BA215A95000032D37D /* QL_Code_Cell.xib */,
				FC43940C21556B0900A5848E /* QL_Drop_Cell.xib */,
				FCAE59B8215A92280032D37D /* QL_Box_Cell.xib */,
				FC43940D21556B0A00A5848E /* QL_Input_Cell.xib */,
				FC2CED57215942B900E332A8 /* QL_Group_Cell.xib */,
				FC2CED592159430400E332A8 /* QL_Image_Cell.xib */,
				FC2CED5B215948AF00E332A8 /* format.plist */,
				FC2CED5D215948BB00E332A8 /* TG_Drop_Cell.xib */,
			);
			path = DETAIL;
			sourceTree = "<group>";
		};
		FCAE59BC215A9E740032D37D /* COMP */ = {
			isa = PBXGroup;
			children = (
				FCAE59BD215A9EC70032D37D /* TG_PopUp_View.swift */,
				FCAE59BE215A9EC70032D37D /* TG_Menu_View.xib */,
				FCAE59C7215AB8B10032D37D /* TG_Room_Cell.xib */,
				FCAE59C3215AB1490032D37D /* TG_Room_Cell_N.swift */,
				FCAE59C1215AB1490032D37D /* TG_Room_Cell_N.xib */,
			);
			path = COMP;
			sourceTree = "<group>";
		};
/* End PBXGroup section */

/* Begin PBXNativeTarget section */
		FC2E6F91215410660024DAAA /* VNN */ = {
			isa = PBXNativeTarget;
			buildConfigurationList = FC2E6FBA2154106B0024DAAA /* Build configuration list for PBXNativeTarget "VNN" */;
			buildPhases = (
				662BB6598D257BB2344F9310 /* [CP] Check Pods Manifest.lock */,
				FC2E6F8E215410660024DAAA /* Sources */,
				FC2E6F8F215410660024DAAA /* Frameworks */,
				FC2E6F90215410660024DAAA /* Resources */,
				928860493AFD37C0148F8675 /* [CP] Embed Pods Frameworks */,
			);
			buildRules = (
			);
			dependencies = (
			);
			name = VNN;
			productName = VNN;
			productReference = FC2E6F92215410660024DAAA /* VNN.app */;
			productType = "com.apple.product-type.application";
		};
		FC2E6FA52154106B0024DAAA /* VNNTests */ = {
			isa = PBXNativeTarget;
			buildConfigurationList = FC2E6FBD2154106B0024DAAA /* Build configuration list for PBXNativeTarget "VNNTests" */;
			buildPhases = (
				FFCF9CA4FA0F486485C7F393 /* [CP] Check Pods Manifest.lock */,
				FC2E6FA22154106B0024DAAA /* Sources */,
				FC2E6FA32154106B0024DAAA /* Frameworks */,
				FC2E6FA42154106B0024DAAA /* Resources */,
			);
			buildRules = (
			);
			dependencies = (
				FC2E6FA82154106B0024DAAA /* PBXTargetDependency */,
			);
			name = VNNTests;
			productName = VNNTests;
			productReference = FC2E6FA62154106B0024DAAA /* VNNTests.xctest */;
			productType = "com.apple.product-type.bundle.unit-test";
		};
		FC2E6FB02154106B0024DAAA /* VNNUITests */ = {
			isa = PBXNativeTarget;
			buildConfigurationList = FC2E6FC02154106B0024DAAA /* Build configuration list for PBXNativeTarget "VNNUITests" */;
			buildPhases = (
				040F80203CC289DA2BC214A9 /* [CP] Check Pods Manifest.lock */,
				FC2E6FAD2154106B0024DAAA /* Sources */,
				FC2E6FAE2154106B0024DAAA /* Frameworks */,
				FC2E6FAF2154106B0024DAAA /* Resources */,
			);
			buildRules = (
			);
			dependencies = (
				FC2E6FB32154106B0024DAAA /* PBXTargetDependency */,
			);
			name = VNNUITests;
			productName = VNNUITests;
			productReference = FC2E6FB12154106B0024DAAA /* VNNUITests.xctest */;
			productType = "com.apple.product-type.bundle.ui-testing";
		};
/* End PBXNativeTarget section */

/* Begin PBXProject section */
		FC2E6F8A215410660024DAAA /* Project object */ = {
			isa = PBXProject;
			attributes = {
				LastSwiftUpdateCheck = 0940;
				LastUpgradeCheck = 0940;
				ORGANIZATIONNAME = "Thanh Hai Tran";
				TargetAttributes = {
					FC2E6F91215410660024DAAA = {
						CreatedOnToolsVersion = 9.4.1;
						LastSwiftMigration = 0940;
					};
					FC2E6FA52154106B0024DAAA = {
						CreatedOnToolsVersion = 9.4.1;
						TestTargetID = FC2E6F91215410660024DAAA;
					};
					FC2E6FB02154106B0024DAAA = {
						CreatedOnToolsVersion = 9.4.1;
						TestTargetID = FC2E6F91215410660024DAAA;
					};
				};
			};
			buildConfigurationList = FC2E6F8D215410660024DAAA /* Build configuration list for PBXProject "VNN" */;
			compatibilityVersion = "Xcode 9.3";
			developmentRegion = en;
			hasScannedForEncodings = 0;
			knownRegions = (
				en,
				Base,
			);
			mainGroup = FC2E6F89215410660024DAAA;
			productRefGroup = FC2E6F93215410660024DAAA /* Products */;
			projectDirPath = "";
			projectRoot = "";
			targets = (
				FC2E6F91215410660024DAAA /* VNN */,
				FC2E6FA52154106B0024DAAA /* VNNTests */,
				FC2E6FB02154106B0024DAAA /* VNNUITests */,
			);
		};
/* End PBXProject section */

/* Begin PBXResourcesBuildPhase section */
		FC2E6F90215410660024DAAA /* Resources */ = {
			isa = PBXResourcesBuildPhase;
			buildActionMask = 2147483647;
			files = (
				FC2E6FA02154106B0024DAAA /* LaunchScreen.storyboard in Resources */,
				FC2CED5E215948BB00E332A8 /* TG_Drop_Cell.xib in Resources */,
				FC2E6F9D2154106B0024DAAA /* Assets.xcassets in Resources */,
				FC2E6F9B215410660024DAAA /* Main.storyboard in Resources */,
				FCAE59C0215A9EC80032D37D /* TG_Menu_View.xib in Resources */,
				FCAE59B9215A92280032D37D /* QL_Box_Cell.xib in Resources */,
				FC2CED63215957A600E332A8 /* VN_Report_ViewController.xib in Resources */,
				FC43940B2155687300A5848E /* VN_Picture_ViewController.xib in Resources */,
				FC4394002155616C00A5848E /* VN_Home_ViewController.xib in Resources */,
				FC4394062155657F00A5848E /* TG_Image_Cell.xib in Resources */,
				FC439403215562C000A5848E /* TL_ChangeHost_ViewController.xib in Resources */,
				FCAE59BB215A95000032D37D /* QL_Code_Cell.xib in Resources */,
				FC43940E21556B0A00A5848E /* QL_Drop_Cell.xib in Resources */,
				FC2CED5C215948AF00E332A8 /* format.plist in Resources */,
				FC2CED5A2159430400E332A8 /* QL_Image_Cell.xib in Resources */,
				FC4393F221555FC700A5848E /* QL_LogIn_ViewController.xib in Resources */,
				FC2CED58215942B900E332A8 /* QL_Group_Cell.xib in Resources */,
				FCAE59C4215AB1490032D37D /* TG_Room_Cell_N.xib in Resources */,
				FC43940F21556B0A00A5848E /* QL_Input_Cell.xib in Resources */,
				FCAE59C8215AB8B10032D37D /* TG_Room_Cell.xib in Resources */,
			);
			runOnlyForDeploymentPostprocessing = 0;
		};
		FC2E6FA42154106B0024DAAA /* Resources */ = {
			isa = PBXResourcesBuildPhase;
			buildActionMask = 2147483647;
			files = (
			);
			runOnlyForDeploymentPostprocessing = 0;
		};
		FC2E6FAF2154106B0024DAAA /* Resources */ = {
			isa = PBXResourcesBuildPhase;
			buildActionMask = 2147483647;
			files = (
			);
			runOnlyForDeploymentPostprocessing = 0;
		};
/* End PBXResourcesBuildPhase section */

/* Begin PBXShellScriptBuildPhase section */
		040F80203CC289DA2BC214A9 /* [CP] Check Pods Manifest.lock */ = {
			isa = PBXShellScriptBuildPhase;
			buildActionMask = 2147483647;
			files = (
			);
			inputPaths = (
				"${PODS_PODFILE_DIR_PATH}/Podfile.lock",
				"${PODS_ROOT}/Manifest.lock",
			);
			name = "[CP] Check Pods Manifest.lock";
			outputPaths = (
				"$(DERIVED_FILE_DIR)/Pods-VNNUITests-checkManifestLockResult.txt",
			);
			runOnlyForDeploymentPostprocessing = 0;
			shellPath = /bin/sh;
			shellScript = "diff \"${PODS_PODFILE_DIR_PATH}/Podfile.lock\" \"${PODS_ROOT}/Manifest.lock\" > /dev/null\nif [ $? != 0 ] ; then\n    # print error to STDERR\n    echo \"error: The sandbox is not in sync with the Podfile.lock. Run 'pod install' or update your CocoaPods installation.\" >&2\n    exit 1\nfi\n# This output is used by Xcode 'outputs' to avoid re-running this script phase.\necho \"SUCCESS\" > \"${SCRIPT_OUTPUT_FILE_0}\"\n";
			showEnvVarsInLog = 0;
		};
		662BB6598D257BB2344F9310 /* [CP] Check Pods Manifest.lock */ = {
			isa = PBXShellScriptBuildPhase;
			buildActionMask = 2147483647;
			files = (
			);
			inputPaths = (
				"${PODS_PODFILE_DIR_PATH}/Podfile.lock",
				"${PODS_ROOT}/Manifest.lock",
			);
			name = "[CP] Check Pods Manifest.lock";
			outputPaths = (
				"$(DERIVED_FILE_DIR)/Pods-VNN-checkManifestLockResult.txt",
			);
			runOnlyForDeploymentPostprocessing = 0;
			shellPath = /bin/sh;
			shellScript = "diff \"${PODS_PODFILE_DIR_PATH}/Podfile.lock\" \"${PODS_ROOT}/Manifest.lock\" > /dev/null\nif [ $? != 0 ] ; then\n    # print error to STDERR\n    echo \"error: The sandbox is not in sync with the Podfile.lock. Run 'pod install' or update your CocoaPods installation.\" >&2\n    exit 1\nfi\n# This output is used by Xcode 'outputs' to avoid re-running this script phase.\necho \"SUCCESS\" > \"${SCRIPT_OUTPUT_FILE_0}\"\n";
			showEnvVarsInLog = 0;
		};
		928860493AFD37C0148F8675 /* [CP] Embed Pods Frameworks */ = {
			isa = PBXShellScriptBuildPhase;
			buildActionMask = 2147483647;
			files = (
			);
			inputPaths = (
				"${SRCROOT}/Pods/Target Support Files/Pods-VNN/Pods-VNN-frameworks.sh",
				"${BUILT_PRODUCTS_DIR}/AFNetworking/AFNetworking.framework",
				"${BUILT_PRODUCTS_DIR}/AVHexColor/AVHexColor.framework",
				"${BUILT_PRODUCTS_DIR}/AllPod/AllPod.framework",
				"${BUILT_PRODUCTS_DIR}/JSONKit-NoWarning/JSONKit_NoWarning.framework",
				"${BUILT_PRODUCTS_DIR}/Reachability/Reachability.framework",
				"${BUILT_PRODUCTS_DIR}/SDWebImage/SDWebImage.framework",
				"${BUILT_PRODUCTS_DIR}/SVProgressHUD/SVProgressHUD.framework",
				"${BUILT_PRODUCTS_DIR}/TTGTagCollectionView/TTGTagCollectionView.framework",
				"${BUILT_PRODUCTS_DIR}/Toast/Toast.framework",
			);
			name = "[CP] Embed Pods Frameworks";
			outputPaths = (
				"${TARGET_BUILD_DIR}/${FRAMEWORKS_FOLDER_PATH}/AFNetworking.framework",
				"${TARGET_BUILD_DIR}/${FRAMEWORKS_FOLDER_PATH}/AVHexColor.framework",
				"${TARGET_BUILD_DIR}/${FRAMEWORKS_FOLDER_PATH}/AllPod.framework",
				"${TARGET_BUILD_DIR}/${FRAMEWORKS_FOLDER_PATH}/JSONKit_NoWarning.framework",
				"${TARGET_BUILD_DIR}/${FRAMEWORKS_FOLDER_PATH}/Reachability.framework",
				"${TARGET_BUILD_DIR}/${FRAMEWORKS_FOLDER_PATH}/SDWebImage.framework",
				"${TARGET_BUILD_DIR}/${FRAMEWORKS_FOLDER_PATH}/SVProgressHUD.framework",
				"${TARGET_BUILD_DIR}/${FRAMEWORKS_FOLDER_PATH}/TTGTagCollectionView.framework",
				"${TARGET_BUILD_DIR}/${FRAMEWORKS_FOLDER_PATH}/Toast.framework",
			);
			runOnlyForDeploymentPostprocessing = 0;
			shellPath = /bin/sh;
			shellScript = "\"${SRCROOT}/Pods/Target Support Files/Pods-VNN/Pods-VNN-frameworks.sh\"\n";
			showEnvVarsInLog = 0;
		};
		FFCF9CA4FA0F486485C7F393 /* [CP] Check Pods Manifest.lock */ = {
			isa = PBXShellScriptBuildPhase;
			buildActionMask = 2147483647;
			files = (
			);
			inputPaths = (
				"${PODS_PODFILE_DIR_PATH}/Podfile.lock",
				"${PODS_ROOT}/Manifest.lock",
			);
			name = "[CP] Check Pods Manifest.lock";
			outputPaths = (
				"$(DERIVED_FILE_DIR)/Pods-VNNTests-checkManifestLockResult.txt",
			);
			runOnlyForDeploymentPostprocessing = 0;
			shellPath = /bin/sh;
			shellScript = "diff \"${PODS_PODFILE_DIR_PATH}/Podfile.lock\" \"${PODS_ROOT}/Manifest.lock\" > /dev/null\nif [ $? != 0 ] ; then\n    # print error to STDERR\n    echo \"error: The sandbox is not in sync with the Podfile.lock. Run 'pod install' or update your CocoaPods installation.\" >&2\n    exit 1\nfi\n# This output is used by Xcode 'outputs' to avoid re-running this script phase.\necho \"SUCCESS\" > \"${SCRIPT_OUTPUT_FILE_0}\"\n";
			showEnvVarsInLog = 0;
		};
/* End PBXShellScriptBuildPhase section */

/* Begin PBXSourcesBuildPhase section */
		FC2E6F8E215410660024DAAA /* Sources */ = {
			isa = PBXSourcesBuildPhase;
			buildActionMask = 2147483647;
			files = (
				FC2CED62215957A600E332A8 /* VN_Report_ViewController.swift in Sources */,
				FC4393FB2155612700A5848E /* Information.swift in Sources */,
				FC4393FF2155616C00A5848E /* VN_Home_ViewController.swift in Sources */,
				FC43940A2155687300A5848E /* VN_Picture_ViewController.swift in Sources */,
				FC4393F5215560C900A5848E /* Macro.swift in Sources */,
				FCAE59BF215A9EC80032D37D /* TG_PopUp_View.swift in Sources */,
				FC2E6F98215410660024DAAA /* ViewController.swift in Sources */,
				FC2E6F96215410660024DAAA /* AppDelegate.swift in Sources */,
				FC4393F321555FC700A5848E /* QL_LogIn_ViewController.swift in Sources */,
				FC439404215562C000A5848E /* TL_ChangeHost_ViewController.swift in Sources */,
				FCAE59C6215AB1490032D37D /* TG_Room_Cell_N.swift in Sources */,
				FC4393F9215560DC00A5848E /* UIViewController+ViewCat.m in Sources */,
			);
			runOnlyForDeploymentPostprocessing = 0;
		};
		FC2E6FA22154106B0024DAAA /* Sources */ = {
			isa = PBXSourcesBuildPhase;
			buildActionMask = 2147483647;
			files = (
				FC2E6FAB2154106B0024DAAA /* VNNTests.swift in Sources */,
			);
			runOnlyForDeploymentPostprocessing = 0;
		};
		FC2E6FAD2154106B0024DAAA /* Sources */ = {
			isa = PBXSourcesBuildPhase;
			buildActionMask = 2147483647;
			files = (
				FC2E6FB62154106B0024DAAA /* VNNUITests.swift in Sources */,
			);
			runOnlyForDeploymentPostprocessing = 0;
		};
/* End PBXSourcesBuildPhase section */

/* Begin PBXTargetDependency section */
		FC2E6FA82154106B0024DAAA /* PBXTargetDependency */ = {
			isa = PBXTargetDependency;
			target = FC2E6F91215410660024DAAA /* VNN */;
			targetProxy = FC2E6FA72154106B0024DAAA /* PBXContainerItemProxy */;
		};
		FC2E6FB32154106B0024DAAA /* PBXTargetDependency */ = {
			isa = PBXTargetDependency;
			target = FC2E6F91215410660024DAAA /* VNN */;
			targetProxy = FC2E6FB22154106B0024DAAA /* PBXContainerItemProxy */;
		};
/* End PBXTargetDependency section */

/* Begin PBXVariantGroup section */
		FC2E6F99215410660024DAAA /* Main.storyboard */ = {
			isa = PBXVariantGroup;
			children = (
				FC2E6F9A215410660024DAAA /* Base */,
			);
			name = Main.storyboard;
			sourceTree = "<group>";
		};
		FC2E6F9E2154106B0024DAAA /* LaunchScreen.storyboard */ = {
			isa = PBXVariantGroup;
			children = (
				FC2E6F9F2154106B0024DAAA /* Base */,
			);
			name = LaunchScreen.storyboard;
			sourceTree = "<group>";
		};
/* End PBXVariantGroup section */

/* Begin XCBuildConfiguration section */
		FC2E6FB82154106B0024DAAA /* Debug */ = {
			isa = XCBuildConfiguration;
			buildSettings = {
				ALWAYS_SEARCH_USER_PATHS = NO;
				CLANG_ANALYZER_NONNULL = YES;
				CLANG_ANALYZER_NUMBER_OBJECT_CONVERSION = YES_AGGRESSIVE;
				CLANG_CXX_LANGUAGE_STANDARD = "gnu++14";
				CLANG_CXX_LIBRARY = "libc++";
				CLANG_ENABLE_MODULES = YES;
				CLANG_ENABLE_OBJC_ARC = YES;
				CLANG_ENABLE_OBJC_WEAK = YES;
				CLANG_WARN_BLOCK_CAPTURE_AUTORELEASING = YES;
				CLANG_WARN_BOOL_CONVERSION = YES;
				CLANG_WARN_COMMA = YES;
				CLANG_WARN_CONSTANT_CONVERSION = YES;
				CLANG_WARN_DEPRECATED_OBJC_IMPLEMENTATIONS = YES;
				CLANG_WARN_DIRECT_OBJC_ISA_USAGE = YES_ERROR;
				CLANG_WARN_DOCUMENTATION_COMMENTS = YES;
				CLANG_WARN_EMPTY_BODY = YES;
				CLANG_WARN_ENUM_CONVERSION = YES;
				CLANG_WARN_INFINITE_RECURSION = YES;
				CLANG_WARN_INT_CONVERSION = YES;
				CLANG_WARN_NON_LITERAL_NULL_CONVERSION = YES;
				CLANG_WARN_OBJC_IMPLICIT_RETAIN_SELF = YES;
				CLANG_WARN_OBJC_LITERAL_CONVERSION = YES;
				CLANG_WARN_OBJC_ROOT_CLASS = YES_ERROR;
				CLANG_WARN_RANGE_LOOP_ANALYSIS = YES;
				CLANG_WARN_STRICT_PROTOTYPES = YES;
				CLANG_WARN_SUSPICIOUS_MOVE = YES;
				CLANG_WARN_UNGUARDED_AVAILABILITY = YES_AGGRESSIVE;
				CLANG_WARN_UNREACHABLE_CODE = YES;
				CLANG_WARN__DUPLICATE_METHOD_MATCH = YES;
				CODE_SIGN_IDENTITY = "iPhone Developer";
				COPY_PHASE_STRIP = NO;
				DEBUG_INFORMATION_FORMAT = dwarf;
				ENABLE_STRICT_OBJC_MSGSEND = YES;
				ENABLE_TESTABILITY = YES;
				GCC_C_LANGUAGE_STANDARD = gnu11;
				GCC_DYNAMIC_NO_PIC = NO;
				GCC_NO_COMMON_BLOCKS = YES;
				GCC_OPTIMIZATION_LEVEL = 0;
				GCC_PREPROCESSOR_DEFINITIONS = (
					"DEBUG=1",
					"$(inherited)",
				);
				GCC_WARN_64_TO_32_BIT_CONVERSION = YES;
				GCC_WARN_ABOUT_RETURN_TYPE = YES_ERROR;
				GCC_WARN_UNDECLARED_SELECTOR = YES;
				GCC_WARN_UNINITIALIZED_AUTOS = YES_AGGRESSIVE;
				GCC_WARN_UNUSED_FUNCTION = YES;
				GCC_WARN_UNUSED_VARIABLE = YES;
				IPHONEOS_DEPLOYMENT_TARGET = 11.4;
				MTL_ENABLE_DEBUG_INFO = YES;
				ONLY_ACTIVE_ARCH = YES;
				SDKROOT = iphoneos;
				SWIFT_ACTIVE_COMPILATION_CONDITIONS = DEBUG;
				SWIFT_OPTIMIZATION_LEVEL = "-Onone";
			};
			name = Debug;
		};
		FC2E6FB92154106B0024DAAA /* Release */ = {
			isa = XCBuildConfiguration;
			buildSettings = {
				ALWAYS_SEARCH_USER_PATHS = NO;
				CLANG_ANALYZER_NONNULL = YES;
				CLANG_ANALYZER_NUMBER_OBJECT_CONVERSION = YES_AGGRESSIVE;
				CLANG_CXX_LANGUAGE_STANDARD = "gnu++14";
				CLANG_CXX_LIBRARY = "libc++";
				CLANG_ENABLE_MODULES = YES;
				CLANG_ENABLE_OBJC_ARC = YES;
				CLANG_ENABLE_OBJC_WEAK = YES;
				CLANG_WARN_BLOCK_CAPTURE_AUTORELEASING = YES;
				CLANG_WARN_BOOL_CONVERSION = YES;
				CLANG_WARN_COMMA = YES;
				CLANG_WARN_CONSTANT_CONVERSION = YES;
				CLANG_WARN_DEPRECATED_OBJC_IMPLEMENTATIONS = YES;
				CLANG_WARN_DIRECT_OBJC_ISA_USAGE = YES_ERROR;
				CLANG_WARN_DOCUMENTATION_COMMENTS = YES;
				CLANG_WARN_EMPTY_BODY = YES;
				CLANG_WARN_ENUM_CONVERSION = YES;
				CLANG_WARN_INFINITE_RECURSION = YES;
				CLANG_WARN_INT_CONVERSION = YES;
				CLANG_WARN_NON_LITERAL_NULL_CONVERSION = YES;
				CLANG_WARN_OBJC_IMPLICIT_RETAIN_SELF = YES;
				CLANG_WARN_OBJC_LITERAL_CONVERSION = YES;
				CLANG_WARN_OBJC_ROOT_CLASS = YES_ERROR;
				CLANG_WARN_RANGE_LOOP_ANALYSIS = YES;
				CLANG_WARN_STRICT_PROTOTYPES = YES;
				CLANG_WARN_SUSPICIOUS_MOVE = YES;
				CLANG_WARN_UNGUARDED_AVAILABILITY = YES_AGGRESSIVE;
				CLANG_WARN_UNREACHABLE_CODE = YES;
				CLANG_WARN__DUPLICATE_METHOD_MATCH = YES;
				CODE_SIGN_IDENTITY = "iPhone Developer";
				COPY_PHASE_STRIP = NO;
				DEBUG_INFORMATION_FORMAT = "dwarf-with-dsym";
				ENABLE_NS_ASSERTIONS = NO;
				ENABLE_STRICT_OBJC_MSGSEND = YES;
				GCC_C_LANGUAGE_STANDARD = gnu11;
				GCC_NO_COMMON_BLOCKS = YES;
				GCC_WARN_64_TO_32_BIT_CONVERSION = YES;
				GCC_WARN_ABOUT_RETURN_TYPE = YES_ERROR;
				GCC_WARN_UNDECLARED_SELECTOR = YES;
				GCC_WARN_UNINITIALIZED_AUTOS = YES_AGGRESSIVE;
				GCC_WARN_UNUSED_FUNCTION = YES;
				GCC_WARN_UNUSED_VARIABLE = YES;
				IPHONEOS_DEPLOYMENT_TARGET = 11.4;
				MTL_ENABLE_DEBUG_INFO = NO;
				SDKROOT = iphoneos;
				SWIFT_COMPILATION_MODE = wholemodule;
				SWIFT_OPTIMIZATION_LEVEL = "-O";
				VALIDATE_PRODUCT = YES;
			};
			name = Release;
		};
		FC2E6FBB2154106B0024DAAA /* Debug */ = {
			isa = XCBuildConfiguration;
			baseConfigurationReference = A6DC3C983B7EC1722603E897 /* Pods-VNN.debug.xcconfig */;
			buildSettings = {
				ASSETCATALOG_COMPILER_APPICON_NAME = AppIcon;
				CLANG_ENABLE_MODULES = YES;
				CODE_SIGN_STYLE = Manual;
				DEVELOPMENT_TEAM = "";
				INFOPLIST_FILE = VNN/Info.plist;
				IPHONEOS_DEPLOYMENT_TARGET = 9.0;
				LD_RUNPATH_SEARCH_PATHS = (
					"$(inherited)",
					"@executable_path/Frameworks",
				);
				PRODUCT_BUNDLE_IDENTIFIER = com.vn.VNN;
				PRODUCT_NAME = "$(TARGET_NAME)";
				PROVISIONING_PROFILE_SPECIFIER = "";
				SWIFT_OBJC_BRIDGING_HEADER = "VNN/VNN-Bridging-Header.h";
				SWIFT_OPTIMIZATION_LEVEL = "-Onone";
				SWIFT_VERSION = 4.0;
				TARGETED_DEVICE_FAMILY = 1;
			};
			name = Debug;
		};
		FC2E6FBC2154106B0024DAAA /* Release */ = {
			isa = XCBuildConfiguration;
			baseConfigurationReference = 6F0681F58AB4FCC304E1D677 /* Pods-VNN.release.xcconfig */;
			buildSettings = {
				ASSETCATALOG_COMPILER_APPICON_NAME = AppIcon;
				CLANG_ENABLE_MODULES = YES;
				CODE_SIGN_STYLE = Manual;
				DEVELOPMENT_TEAM = "";
				INFOPLIST_FILE = VNN/Info.plist;
				IPHONEOS_DEPLOYMENT_TARGET = 9.0;
				LD_RUNPATH_SEARCH_PATHS = (
					"$(inherited)",
					"@executable_path/Frameworks",
				);
				PRODUCT_BUNDLE_IDENTIFIER = com.vn.VNN;
				PRODUCT_NAME = "$(TARGET_NAME)";
				PROVISIONING_PROFILE_SPECIFIER = "";
				SWIFT_OBJC_BRIDGING_HEADER = "VNN/VNN-Bridging-Header.h";
				SWIFT_VERSION = 4.0;
				TARGETED_DEVICE_FAMILY = 1;
			};
			name = Release;
		};
		FC2E6FBE2154106B0024DAAA /* Debug */ = {
			isa = XCBuildConfiguration;
			baseConfigurationReference = DCD73AB288B7AB25ABC1A58A /* Pods-VNNTests.debug.xcconfig */;
			buildSettings = {
				ALWAYS_EMBED_SWIFT_STANDARD_LIBRARIES = YES;
				BUNDLE_LOADER = "$(TEST_HOST)";
				CODE_SIGN_STYLE = Automatic;
				INFOPLIST_FILE = VNNTests/Info.plist;
				LD_RUNPATH_SEARCH_PATHS = (
					"$(inherited)",
					"@executable_path/Frameworks",
					"@loader_path/Frameworks",
				);
				PRODUCT_BUNDLE_IDENTIFIER = com.vn.VNNTests;
				PRODUCT_NAME = "$(TARGET_NAME)";
				SWIFT_VERSION = 4.0;
				TARGETED_DEVICE_FAMILY = "1,2";
				TEST_HOST = "$(BUILT_PRODUCTS_DIR)/VNN.app/VNN";
			};
			name = Debug;
		};
		FC2E6FBF2154106B0024DAAA /* Release */ = {
			isa = XCBuildConfiguration;
			baseConfigurationReference = 7BED9BAED936EB501B48988B /* Pods-VNNTests.release.xcconfig */;
			buildSettings = {
				ALWAYS_EMBED_SWIFT_STANDARD_LIBRARIES = YES;
				BUNDLE_LOADER = "$(TEST_HOST)";
				CODE_SIGN_STYLE = Automatic;
				INFOPLIST_FILE = VNNTests/Info.plist;
				LD_RUNPATH_SEARCH_PATHS = (
					"$(inherited)",
					"@executable_path/Frameworks",
					"@loader_path/Frameworks",
				);
				PRODUCT_BUNDLE_IDENTIFIER = com.vn.VNNTests;
				PRODUCT_NAME = "$(TARGET_NAME)";
				SWIFT_VERSION = 4.0;
				TARGETED_DEVICE_FAMILY = "1,2";
				TEST_HOST = "$(BUILT_PRODUCTS_DIR)/VNN.app/VNN";
			};
			name = Release;
		};
		FC2E6FC12154106B0024DAAA /* Debug */ = {
			isa = XCBuildConfiguration;
			baseConfigurationReference = A116FBE288FE1FF63A574E89 /* Pods-VNNUITests.debug.xcconfig */;
			buildSettings = {
				ALWAYS_EMBED_SWIFT_STANDARD_LIBRARIES = YES;
				CODE_SIGN_STYLE = Automatic;
				INFOPLIST_FILE = VNNUITests/Info.plist;
				LD_RUNPATH_SEARCH_PATHS = (
					"$(inherited)",
					"@executable_path/Frameworks",
					"@loader_path/Frameworks",
				);
				PRODUCT_BUNDLE_IDENTIFIER = com.vn.VNNUITests;
				PRODUCT_NAME = "$(TARGET_NAME)";
				SWIFT_VERSION = 4.0;
				TARGETED_DEVICE_FAMILY = "1,2";
				TEST_TARGET_NAME = VNN;
			};
			name = Debug;
		};
		FC2E6FC22154106B0024DAAA /* Release */ = {
			isa = XCBuildConfiguration;
			baseConfigurationReference = DAAA01D4F009565FF5BC8EFF /* Pods-VNNUITests.release.xcconfig */;
			buildSettings = {
				ALWAYS_EMBED_SWIFT_STANDARD_LIBRARIES = YES;
				CODE_SIGN_STYLE = Automatic;
				INFOPLIST_FILE = VNNUITests/Info.plist;
				LD_RUNPATH_SEARCH_PATHS = (
					"$(inherited)",
					"@executable_path/Frameworks",
					"@loader_path/Frameworks",
				);
				PRODUCT_BUNDLE_IDENTIFIER = com.vn.VNNUITests;
				PRODUCT_NAME = "$(TARGET_NAME)";
				SWIFT_VERSION = 4.0;
				TARGETED_DEVICE_FAMILY = "1,2";
				TEST_TARGET_NAME = VNN;
			};
			name = Release;
		};
/* End XCBuildConfiguration section */

/* Begin XCConfigurationList section */
		FC2E6F8D215410660024DAAA /* Build configuration list for PBXProject "VNN" */ = {
			isa = XCConfigurationList;
			buildConfigurations = (
				FC2E6FB82154106B0024DAAA /* Debug */,
				FC2E6FB92154106B0024DAAA /* Release */,
			);
			defaultConfigurationIsVisible = 0;
			defaultConfigurationName = Release;
		};
		FC2E6FBA2154106B0024DAAA /* Build configuration list for PBXNativeTarget "VNN" */ = {
			isa = XCConfigurationList;
			buildConfigurations = (
				FC2E6FBB2154106B0024DAAA /* Debug */,
				FC2E6FBC2154106B0024DAAA /* Release */,
			);
			defaultConfigurationIsVisible = 0;
			defaultConfigurationName = Release;
		};
		FC2E6FBD2154106B0024DAAA /* Build configuration list for PBXNativeTarget "VNNTests" */ = {
			isa = XCConfigurationList;
			buildConfigurations = (
				FC2E6FBE2154106B0024DAAA /* Debug */,
				FC2E6FBF2154106B0024DAAA /* Release */,
			);
			defaultConfigurationIsVisible = 0;
			defaultConfigurationName = Release;
		};
		FC2E6FC02154106B0024DAAA /* Build configuration list for PBXNativeTarget "VNNUITests" */ = {
			isa = XCConfigurationList;
			buildConfigurations = (
				FC2E6FC12154106B0024DAAA /* Debug */,
				FC2E6FC22154106B0024DAAA /* Release */,
			);
			defaultConfigurationIsVisible = 0;
			defaultConfigurationName = Release;
		};
/* End XCConfigurationList section */
	};
	rootObject = FC2E6F8A215410660024DAAA /* Project object */;
}
